// !$*UTF8*$!
{
	archiveVersion = 1;
	classes = {
	};
	objectVersion = 46;
	objects = {

/* Begin PBXBuildFile section */
		5B377FDA2DCC05B35A3C12D9 /* libPods.a in Frameworks */ = {isa = PBXBuildFile; fileRef = 3279EFA92E8D5E0A96049531 /* libPods.a */; };
		B018472319F898BF00938054 /* Foundation.framework in Frameworks */ = {isa = PBXBuildFile; fileRef = B018472219F898BF00938054 /* Foundation.framework */; };
		B018472519F898BF00938054 /* CoreGraphics.framework in Frameworks */ = {isa = PBXBuildFile; fileRef = B018472419F898BF00938054 /* CoreGraphics.framework */; };
		B018472719F898BF00938054 /* UIKit.framework in Frameworks */ = {isa = PBXBuildFile; fileRef = B018472619F898BF00938054 /* UIKit.framework */; };
		B018472D19F898BF00938054 /* InfoPlist.strings in Resources */ = {isa = PBXBuildFile; fileRef = B018472B19F898BF00938054 /* InfoPlist.strings */; };
		B018472F19F898BF00938054 /* main.m in Sources */ = {isa = PBXBuildFile; fileRef = B018472E19F898BF00938054 /* main.m */; };
		B018473319F898BF00938054 /* TSAppDelegate.m in Sources */ = {isa = PBXBuildFile; fileRef = B018473219F898BF00938054 /* TSAppDelegate.m */; };
		B018473519F898BF00938054 /* Images.xcassets in Resources */ = {isa = PBXBuildFile; fileRef = B018473419F898BF00938054 /* Images.xcassets */; };
		B018473C19F898BF00938054 /* XCTest.framework in Frameworks */ = {isa = PBXBuildFile; fileRef = B018473B19F898BF00938054 /* XCTest.framework */; };
		B018473D19F898BF00938054 /* Foundation.framework in Frameworks */ = {isa = PBXBuildFile; fileRef = B018472219F898BF00938054 /* Foundation.framework */; };
		B018473E19F898BF00938054 /* UIKit.framework in Frameworks */ = {isa = PBXBuildFile; fileRef = B018472619F898BF00938054 /* UIKit.framework */; };
		B018474619F898BF00938054 /* InfoPlist.strings in Resources */ = {isa = PBXBuildFile; fileRef = B018474419F898BF00938054 /* InfoPlist.strings */; };
		B018474819F898BF00938054 /* BuildingMaterialsTests.m in Sources */ = {isa = PBXBuildFile; fileRef = B018474719F898BF00938054 /* BuildingMaterialsTests.m */; };
		B01847D819F89DCC00938054 /* TSBaseViewController.m in Sources */ = {isa = PBXBuildFile; fileRef = B018475519F89DCC00938054 /* TSBaseViewController.m */; };
		B01847D919F89DCC00938054 /* TSUserModel.m in Sources */ = {isa = PBXBuildFile; fileRef = B018475A19F89DCC00938054 /* TSUserModel.m */; };
		B01847DA19F89DCC00938054 /* TSBaseView.m in Sources */ = {isa = PBXBuildFile; fileRef = B018475D19F89DCC00938054 /* TSBaseView.m */; };
		B01847DB19F89DCC00938054 /* TSRootView.m in Sources */ = {isa = PBXBuildFile; fileRef = B018475F19F89DCC00938054 /* TSRootView.m */; };
		B01847DC19F89DCC00938054 /* TSScrollView.m in Sources */ = {isa = PBXBuildFile; fileRef = B018476119F89DCC00938054 /* TSScrollView.m */; };
		B01847DD19F89DCC00938054 /* TSTextField.m in Sources */ = {isa = PBXBuildFile; fileRef = B018476319F89DCC00938054 /* TSTextField.m */; };
		B01847DE19F89DCC00938054 /* BSJSONEncoder.m in Sources */ = {isa = PBXBuildFile; fileRef = B018476919F89DCC00938054 /* BSJSONEncoder.m */; };
		B01847DF19F89DCC00938054 /* NSArray+BSJSONAdditions.m in Sources */ = {isa = PBXBuildFile; fileRef = B018476B19F89DCC00938054 /* NSArray+BSJSONAdditions.m */; };
		B01847E019F89DCC00938054 /* NSDictionary+BSJSONAdditions.m in Sources */ = {isa = PBXBuildFile; fileRef = B018476D19F89DCC00938054 /* NSDictionary+BSJSONAdditions.m */; };
		B01847E119F89DCC00938054 /* NSScanner+BSJSONAdditions.m in Sources */ = {isa = PBXBuildFile; fileRef = B018476F19F89DCC00938054 /* NSScanner+BSJSONAdditions.m */; };
		B01847E219F89DCC00938054 /* NSString+BSJSONAdditions.m in Sources */ = {isa = PBXBuildFile; fileRef = B018477119F89DCC00938054 /* NSString+BSJSONAdditions.m */; };
		B01847E319F89DCC00938054 /* NSFileManager+PathSize.m in Sources */ = {isa = PBXBuildFile; fileRef = B018477319F89DCC00938054 /* NSFileManager+PathSize.m */; };
		B01847E419F89DCC00938054 /* NSString+Helper.m in Sources */ = {isa = PBXBuildFile; fileRef = B018477519F89DCC00938054 /* NSString+Helper.m */; };
		B01847E519F89DCC00938054 /* UIColor+TSUIColorEX.m in Sources */ = {isa = PBXBuildFile; fileRef = B018477719F89DCC00938054 /* UIColor+TSUIColorEX.m */; };
		B01847E619F89DCC00938054 /* UIImage+Alpha.m in Sources */ = {isa = PBXBuildFile; fileRef = B018477919F89DCC00938054 /* UIImage+Alpha.m */; };
		B01847E719F89DCC00938054 /* UIImage+Resize.m in Sources */ = {isa = PBXBuildFile; fileRef = B018477B19F89DCC00938054 /* UIImage+Resize.m */; };
		B01847E819F89DCC00938054 /* UIImage+RoundedCorner.m in Sources */ = {isa = PBXBuildFile; fileRef = B018477D19F89DCC00938054 /* UIImage+RoundedCorner.m */; };
		B01847E919F89DCC00938054 /* UILabel+TSLabelEX.m in Sources */ = {isa = PBXBuildFile; fileRef = B018477F19F89DCC00938054 /* UILabel+TSLabelEX.m */; };
		B018482419F89DCC00938054 /* TSArrayDataSource.m in Sources */ = {isa = PBXBuildFile; fileRef = B01847CE19F89DCC00938054 /* TSArrayDataSource.m */; };
		B018482519F89DCC00938054 /* TSDateFormatterTool.m in Sources */ = {isa = PBXBuildFile; fileRef = B01847D019F89DCC00938054 /* TSDateFormatterTool.m */; };
		B018482619F89DCC00938054 /* TSHttpTool.m in Sources */ = {isa = PBXBuildFile; fileRef = B01847D219F89DCC00938054 /* TSHttpTool.m */; };
		B018482719F89DCC00938054 /* TSImageUtil.m in Sources */ = {isa = PBXBuildFile; fileRef = B01847D419F89DCC00938054 /* TSImageUtil.m */; };
		B031217E19F8AFA9008721C4 /* TSLoginViewController.m in Sources */ = {isa = PBXBuildFile; fileRef = B031217C19F8AFA9008721C4 /* TSLoginViewController.m */; };
		B031217F19F8AFA9008721C4 /* TSLoginViewController.xib in Resources */ = {isa = PBXBuildFile; fileRef = B031217D19F8AFA9008721C4 /* TSLoginViewController.xib */; };
		B031218619F8B7B0008721C4 /* login_bg.jpg in Resources */ = {isa = PBXBuildFile; fileRef = B031218319F8B7B0008721C4 /* login_bg.jpg */; };
		B031218719F8B7B0008721C4 /* login_btn.png in Resources */ = {isa = PBXBuildFile; fileRef = B031218419F8B7B0008721C4 /* login_btn.png */; };
		B031218819F8B7B0008721C4 /* login_header.png in Resources */ = {isa = PBXBuildFile; fileRef = B031218519F8B7B0008721C4 /* login_header.png */; };
		B03AC4D219F904AB002FC299 /* register_btn_next.png in Resources */ = {isa = PBXBuildFile; fileRef = B03AC4CF19F904AB002FC299 /* register_btn_next.png */; };
		B03AC4D319F904AB002FC299 /* register_btn_test.png in Resources */ = {isa = PBXBuildFile; fileRef = B03AC4D019F904AB002FC299 /* register_btn_test.png */; };
		B03AC4D419F904AB002FC299 /* register_textfield.png in Resources */ = {isa = PBXBuildFile; fileRef = B03AC4D119F904AB002FC299 /* register_textfield.png */; };
		B03AC4D919F90F0C002FC299 /* navigationBar_bg.png in Resources */ = {isa = PBXBuildFile; fileRef = B03AC4D819F90F0C002FC299 /* navigationBar_bg.png */; };
		B05115BE19F956B200CA6E2E /* navi_back_new.png in Resources */ = {isa = PBXBuildFile; fileRef = B05115BD19F956B200CA6E2E /* navi_back_new.png */; };
		B05115C419F957CA00CA6E2E /* TSRegisterTwoViewController.m in Sources */ = {isa = PBXBuildFile; fileRef = B05115C219F957CA00CA6E2E /* TSRegisterTwoViewController.m */; };
		B05115C519F957CA00CA6E2E /* TSRegisterTwoViewController.xib in Resources */ = {isa = PBXBuildFile; fileRef = B05115C319F957CA00CA6E2E /* TSRegisterTwoViewController.xib */; };
		B05115C719F9669E00CA6E2E /* TabBarControllers.plist in Resources */ = {isa = PBXBuildFile; fileRef = B05115C619F9669E00CA6E2E /* TabBarControllers.plist */; };
		B05115CB19F969C600CA6E2E /* TSFristViewController.m in Sources */ = {isa = PBXBuildFile; fileRef = B05115C919F969C600CA6E2E /* TSFristViewController.m */; };
		B05115CC19F969C600CA6E2E /* TSFristViewController.xib in Resources */ = {isa = PBXBuildFile; fileRef = B05115CA19F969C600CA6E2E /* TSFristViewController.xib */; };
		B05115D519F96A5000CA6E2E /* TSCategoryViewController.m in Sources */ = {isa = PBXBuildFile; fileRef = B05115D319F96A5000CA6E2E /* TSCategoryViewController.m */; };
		B05115D619F96A5000CA6E2E /* TSCategoryViewController.xib in Resources */ = {isa = PBXBuildFile; fileRef = B05115D419F96A5000CA6E2E /* TSCategoryViewController.xib */; };
		B05115DA19F96A6D00CA6E2E /* TSForumViewController.m in Sources */ = {isa = PBXBuildFile; fileRef = B05115D819F96A6D00CA6E2E /* TSForumViewController.m */; };
		B05115DB19F96A6D00CA6E2E /* TSForumViewController.xib in Resources */ = {isa = PBXBuildFile; fileRef = B05115D919F96A6D00CA6E2E /* TSForumViewController.xib */; };
		B05115DF19F96A8100CA6E2E /* TSInviteViewController.m in Sources */ = {isa = PBXBuildFile; fileRef = B05115DD19F96A8100CA6E2E /* TSInviteViewController.m */; };
		B05115E019F96A8100CA6E2E /* TSInviteViewController.xib in Resources */ = {isa = PBXBuildFile; fileRef = B05115DE19F96A8100CA6E2E /* TSInviteViewController.xib */; };
		B05115E419F96A9500CA6E2E /* TSMineViewController.m in Sources */ = {isa = PBXBuildFile; fileRef = B05115E219F96A9500CA6E2E /* TSMineViewController.m */; };
		B05115E519F96A9500CA6E2E /* TSMineViewController.xib in Resources */ = {isa = PBXBuildFile; fileRef = B05115E319F96A9500CA6E2E /* TSMineViewController.xib */; };
		B05115E819F96DD400CA6E2E /* TSMainTabBarViewController.m in Sources */ = {isa = PBXBuildFile; fileRef = B05115E719F96DD400CA6E2E /* TSMainTabBarViewController.m */; };
		B05115F419F9748C00CA6E2E /* category_icon.png in Resources */ = {isa = PBXBuildFile; fileRef = B05115EA19F9748C00CA6E2E /* category_icon.png */; };
		B05115F519F9748C00CA6E2E /* category_icon_selected.png in Resources */ = {isa = PBXBuildFile; fileRef = B05115EB19F9748C00CA6E2E /* category_icon_selected.png */; };
		B05115F619F9748C00CA6E2E /* first_icon.png in Resources */ = {isa = PBXBuildFile; fileRef = B05115EC19F9748C00CA6E2E /* first_icon.png */; };
		B05115F719F9748C00CA6E2E /* first_icon_selected.png in Resources */ = {isa = PBXBuildFile; fileRef = B05115ED19F9748C00CA6E2E /* first_icon_selected.png */; };
		B05115F819F9748C00CA6E2E /* forum_icon.png in Resources */ = {isa = PBXBuildFile; fileRef = B05115EE19F9748C00CA6E2E /* forum_icon.png */; };
		B05115F919F9748C00CA6E2E /* forum_icon_selected.png in Resources */ = {isa = PBXBuildFile; fileRef = B05115EF19F9748C00CA6E2E /* forum_icon_selected.png */; };
		B05115FA19F9748C00CA6E2E /* invite_icon.png in Resources */ = {isa = PBXBuildFile; fileRef = B05115F019F9748C00CA6E2E /* invite_icon.png */; };
		B05115FB19F9748C00CA6E2E /* invite_icon_selected.png in Resources */ = {isa = PBXBuildFile; fileRef = B05115F119F9748C00CA6E2E /* invite_icon_selected.png */; };
		B05115FC19F9748C00CA6E2E /* my_icon.png in Resources */ = {isa = PBXBuildFile; fileRef = B05115F219F9748C00CA6E2E /* my_icon.png */; };
		B05115FD19F9748C00CA6E2E /* my_icon_selected.png in Resources */ = {isa = PBXBuildFile; fileRef = B05115F319F9748C00CA6E2E /* my_icon_selected.png */; };
		B051160119F9785900CA6E2E /* tabbar_bg.jpeg in Resources */ = {isa = PBXBuildFile; fileRef = B051160019F9785900CA6E2E /* tabbar_bg.jpeg */; };
		B05B62E619FE88BC008F76E0 /* TSSecondsDealTableViewCell.m in Sources */ = {isa = PBXBuildFile; fileRef = B05B62E419FE88BC008F76E0 /* TSSecondsDealTableViewCell.m */; };
		B05B62E719FE88BC008F76E0 /* TSSecondsDealTableViewCell.xib in Resources */ = {isa = PBXBuildFile; fileRef = B05B62E519FE88BC008F76E0 /* TSSecondsDealTableViewCell.xib */; };
		B05B62EB19FE88DE008F76E0 /* TSShopReccommendTableViewCell.m in Sources */ = {isa = PBXBuildFile; fileRef = B05B62E919FE88DE008F76E0 /* TSShopReccommendTableViewCell.m */; };
		B05B62EC19FE88DE008F76E0 /* TSShopReccommendTableViewCell.xib in Resources */ = {isa = PBXBuildFile; fileRef = B05B62EA19FE88DE008F76E0 /* TSShopReccommendTableViewCell.xib */; };
		B05B62F019FE88F3008F76E0 /* TSGoodsRecommendTableViewCell.m in Sources */ = {isa = PBXBuildFile; fileRef = B05B62EE19FE88F3008F76E0 /* TSGoodsRecommendTableViewCell.m */; };
		B05B62F119FE88F3008F76E0 /* TSGoodsRecommendTableViewCell.xib in Resources */ = {isa = PBXBuildFile; fileRef = B05B62EF19FE88F3008F76E0 /* TSGoodsRecommendTableViewCell.xib */; };
		B05B62F519FE8905008F76E0 /* TSGoodsExchangeTableViewCell.m in Sources */ = {isa = PBXBuildFile; fileRef = B05B62F319FE8905008F76E0 /* TSGoodsExchangeTableViewCell.m */; };
		B05B62F619FE8905008F76E0 /* TSGoodsExchangeTableViewCell.xib in Resources */ = {isa = PBXBuildFile; fileRef = B05B62F419FE8905008F76E0 /* TSGoodsExchangeTableViewCell.xib */; };
		B05B632219FEB15F008F76E0 /* banner1.png in Resources */ = {isa = PBXBuildFile; fileRef = B05B631419FEB15F008F76E0 /* banner1.png */; };
		B05B632319FEB15F008F76E0 /* bannerBottom.png in Resources */ = {isa = PBXBuildFile; fileRef = B05B631519FEB15F008F76E0 /* bannerBottom.png */; };
		B05B632419FEB15F008F76E0 /* cell_accessView.png in Resources */ = {isa = PBXBuildFile; fileRef = B05B631619FEB15F008F76E0 /* cell_accessView.png */; };
		B05B632519FEB15F008F76E0 /* cell_goodsExchange_bg.jpg in Resources */ = {isa = PBXBuildFile; fileRef = B05B631719FEB15F008F76E0 /* cell_goodsExchange_bg.jpg */; };
		B05B632619FEB15F008F76E0 /* cell_goodsRecommend_bg.jpg in Resources */ = {isa = PBXBuildFile; fileRef = B05B631819FEB15F008F76E0 /* cell_goodsRecommend_bg.jpg */; };
		B05B632719FEB15F008F76E0 /* cell_secondsDeal_bg.jpg in Resources */ = {isa = PBXBuildFile; fileRef = B05B631919FEB15F008F76E0 /* cell_secondsDeal_bg.jpg */; };
		B05B632819FEB15F008F76E0 /* cell_shopRecommend_bg.jpg in Resources */ = {isa = PBXBuildFile; fileRef = B05B631A19FEB15F008F76E0 /* cell_shopRecommend_bg.jpg */; };
		B05B632919FEB15F008F76E0 /* goodExchange_ring.png in Resources */ = {isa = PBXBuildFile; fileRef = B05B631B19FEB15F008F76E0 /* goodExchange_ring.png */; };
		B05B632A19FEB15F008F76E0 /* goodsRecommend_ring.png in Resources */ = {isa = PBXBuildFile; fileRef = B05B631C19FEB15F008F76E0 /* goodsRecommend_ring.png */; };
		B05B632B19FEB15F008F76E0 /* secondsDeal_ring.png in Resources */ = {isa = PBXBuildFile; fileRef = B05B631D19FEB15F008F76E0 /* secondsDeal_ring.png */; };
		B05B632C19FEB15F008F76E0 /* 秒杀商品01.png in Resources */ = {isa = PBXBuildFile; fileRef = B05B631E19FEB15F008F76E0 /* 秒杀商品01.png */; };
		B05B632F19FEB5CD008F76E0 /* separetLine.png in Resources */ = {isa = PBXBuildFile; fileRef = B05B632D19FEB5CD008F76E0 /* separetLine.png */; };
		B05B633019FEB5CD008F76E0 /* shopRecommend_ring.png in Resources */ = {isa = PBXBuildFile; fileRef = B05B632E19FEB5CD008F76E0 /* shopRecommend_ring.png */; };
		B05B633319FEB639008F76E0 /* 分类2111111111_19.png in Resources */ = {isa = PBXBuildFile; fileRef = B05B633119FEB639008F76E0 /* 分类2111111111_19.png */; };
		B05B633419FEB639008F76E0 /* search_leftView.png in Resources */ = {isa = PBXBuildFile; fileRef = B05B633219FEB639008F76E0 /* search_leftView.png */; };
		B0D2AC0A19F8E4020074D10B /* TSRegisterViewController.m in Sources */ = {isa = PBXBuildFile; fileRef = B0D2AC0819F8E4020074D10B /* TSRegisterViewController.m */; };
		B0D2AC0B19F8E4020074D10B /* TSRegisterViewController.xib in Resources */ = {isa = PBXBuildFile; fileRef = B0D2AC0919F8E4020074D10B /* TSRegisterViewController.xib */; };
/* End PBXBuildFile section */

/* Begin PBXContainerItemProxy section */
		B018473F19F898BF00938054 /* PBXContainerItemProxy */ = {
			isa = PBXContainerItemProxy;
			containerPortal = B018471719F898BF00938054 /* Project object */;
			proxyType = 1;
			remoteGlobalIDString = B018471E19F898BF00938054;
			remoteInfo = BuildingMaterials;
		};
/* End PBXContainerItemProxy section */

/* Begin PBXFileReference section */
		3279EFA92E8D5E0A96049531 /* libPods.a */ = {isa = PBXFileReference; explicitFileType = archive.ar; includeInIndex = 0; path = libPods.a; sourceTree = BUILT_PRODUCTS_DIR; };
		5D2F31DEF389312FF5F3525A /* Pods.release.xcconfig */ = {isa = PBXFileReference; includeInIndex = 1; lastKnownFileType = text.xcconfig; name = Pods.release.xcconfig; path = "Pods/Target Support Files/Pods/Pods.release.xcconfig"; sourceTree = "<group>"; };
		B018471F19F898BF00938054 /* BuildingMaterials.app */ = {isa = PBXFileReference; explicitFileType = wrapper.application; includeInIndex = 0; path = BuildingMaterials.app; sourceTree = BUILT_PRODUCTS_DIR; };
		B018472219F898BF00938054 /* Foundation.framework */ = {isa = PBXFileReference; lastKnownFileType = wrapper.framework; name = Foundation.framework; path = System/Library/Frameworks/Foundation.framework; sourceTree = SDKROOT; };
		B018472419F898BF00938054 /* CoreGraphics.framework */ = {isa = PBXFileReference; lastKnownFileType = wrapper.framework; name = CoreGraphics.framework; path = System/Library/Frameworks/CoreGraphics.framework; sourceTree = SDKROOT; };
		B018472619F898BF00938054 /* UIKit.framework */ = {isa = PBXFileReference; lastKnownFileType = wrapper.framework; name = UIKit.framework; path = System/Library/Frameworks/UIKit.framework; sourceTree = SDKROOT; };
		B018472A19F898BF00938054 /* BuildingMaterials-Info.plist */ = {isa = PBXFileReference; lastKnownFileType = text.plist.xml; path = "BuildingMaterials-Info.plist"; sourceTree = "<group>"; };
		B018472C19F898BF00938054 /* en */ = {isa = PBXFileReference; lastKnownFileType = text.plist.strings; name = en; path = en.lproj/InfoPlist.strings; sourceTree = "<group>"; };
		B018472E19F898BF00938054 /* main.m */ = {isa = PBXFileReference; lastKnownFileType = sourcecode.c.objc; path = main.m; sourceTree = "<group>"; };
		B018473019F898BF00938054 /* BuildingMaterials-Prefix.pch */ = {isa = PBXFileReference; lastKnownFileType = sourcecode.c.h; path = "BuildingMaterials-Prefix.pch"; sourceTree = "<group>"; };
		B018473119F898BF00938054 /* TSAppDelegate.h */ = {isa = PBXFileReference; lastKnownFileType = sourcecode.c.h; path = TSAppDelegate.h; sourceTree = "<group>"; };
		B018473219F898BF00938054 /* TSAppDelegate.m */ = {isa = PBXFileReference; lastKnownFileType = sourcecode.c.objc; path = TSAppDelegate.m; sourceTree = "<group>"; };
		B018473419F898BF00938054 /* Images.xcassets */ = {isa = PBXFileReference; lastKnownFileType = folder.assetcatalog; path = Images.xcassets; sourceTree = "<group>"; };
		B018473A19F898BF00938054 /* BuildingMaterialsTests.xctest */ = {isa = PBXFileReference; explicitFileType = wrapper.cfbundle; includeInIndex = 0; path = BuildingMaterialsTests.xctest; sourceTree = BUILT_PRODUCTS_DIR; };
		B018473B19F898BF00938054 /* XCTest.framework */ = {isa = PBXFileReference; lastKnownFileType = wrapper.framework; name = XCTest.framework; path = Library/Frameworks/XCTest.framework; sourceTree = DEVELOPER_DIR; };
		B018474319F898BF00938054 /* BuildingMaterialsTests-Info.plist */ = {isa = PBXFileReference; lastKnownFileType = text.plist.xml; path = "BuildingMaterialsTests-Info.plist"; sourceTree = "<group>"; };
		B018474519F898BF00938054 /* en */ = {isa = PBXFileReference; lastKnownFileType = text.plist.strings; name = en; path = en.lproj/InfoPlist.strings; sourceTree = "<group>"; };
		B018474719F898BF00938054 /* BuildingMaterialsTests.m */ = {isa = PBXFileReference; lastKnownFileType = sourcecode.c.objc; path = BuildingMaterialsTests.m; sourceTree = "<group>"; };
		B018475419F89DCC00938054 /* TSBaseViewController.h */ = {isa = PBXFileReference; fileEncoding = 4; lastKnownFileType = sourcecode.c.h; path = TSBaseViewController.h; sourceTree = "<group>"; };
		B018475519F89DCC00938054 /* TSBaseViewController.m */ = {isa = PBXFileReference; fileEncoding = 4; lastKnownFileType = sourcecode.c.objc; path = TSBaseViewController.m; sourceTree = "<group>"; };
		B018475919F89DCC00938054 /* TSUserModel.h */ = {isa = PBXFileReference; fileEncoding = 4; lastKnownFileType = sourcecode.c.h; path = TSUserModel.h; sourceTree = "<group>"; };
		B018475A19F89DCC00938054 /* TSUserModel.m */ = {isa = PBXFileReference; fileEncoding = 4; lastKnownFileType = sourcecode.c.objc; path = TSUserModel.m; sourceTree = "<group>"; };
		B018475C19F89DCC00938054 /* TSBaseView.h */ = {isa = PBXFileReference; fileEncoding = 4; lastKnownFileType = sourcecode.c.h; path = TSBaseView.h; sourceTree = "<group>"; };
		B018475D19F89DCC00938054 /* TSBaseView.m */ = {isa = PBXFileReference; fileEncoding = 4; lastKnownFileType = sourcecode.c.objc; path = TSBaseView.m; sourceTree = "<group>"; };
		B018475E19F89DCC00938054 /* TSRootView.h */ = {isa = PBXFileReference; fileEncoding = 4; lastKnownFileType = sourcecode.c.h; path = TSRootView.h; sourceTree = "<group>"; };
		B018475F19F89DCC00938054 /* TSRootView.m */ = {isa = PBXFileReference; fileEncoding = 4; lastKnownFileType = sourcecode.c.objc; path = TSRootView.m; sourceTree = "<group>"; };
		B018476019F89DCC00938054 /* TSScrollView.h */ = {isa = PBXFileReference; fileEncoding = 4; lastKnownFileType = sourcecode.c.h; path = TSScrollView.h; sourceTree = "<group>"; };
		B018476119F89DCC00938054 /* TSScrollView.m */ = {isa = PBXFileReference; fileEncoding = 4; lastKnownFileType = sourcecode.c.objc; path = TSScrollView.m; sourceTree = "<group>"; };
		B018476219F89DCC00938054 /* TSTextField.h */ = {isa = PBXFileReference; fileEncoding = 4; lastKnownFileType = sourcecode.c.h; path = TSTextField.h; sourceTree = "<group>"; };
		B018476319F89DCC00938054 /* TSTextField.m */ = {isa = PBXFileReference; fileEncoding = 4; lastKnownFileType = sourcecode.c.objc; path = TSTextField.m; sourceTree = "<group>"; };
		B018476419F89DCC00938054 /* Header.h */ = {isa = PBXFileReference; fileEncoding = 4; lastKnownFileType = sourcecode.c.h; path = Header.h; sourceTree = "<group>"; };
		B018476819F89DCC00938054 /* BSJSONEncoder.h */ = {isa = PBXFileReference; fileEncoding = 4; lastKnownFileType = sourcecode.c.h; path = BSJSONEncoder.h; sourceTree = "<group>"; };
		B018476919F89DCC00938054 /* BSJSONEncoder.m */ = {isa = PBXFileReference; fileEncoding = 4; lastKnownFileType = sourcecode.c.objc; path = BSJSONEncoder.m; sourceTree = "<group>"; };
		B018476A19F89DCC00938054 /* NSArray+BSJSONAdditions.h */ = {isa = PBXFileReference; fileEncoding = 4; lastKnownFileType = sourcecode.c.h; path = "NSArray+BSJSONAdditions.h"; sourceTree = "<group>"; };
		B018476B19F89DCC00938054 /* NSArray+BSJSONAdditions.m */ = {isa = PBXFileReference; fileEncoding = 4; lastKnownFileType = sourcecode.c.objc; path = "NSArray+BSJSONAdditions.m"; sourceTree = "<group>"; };
		B018476C19F89DCC00938054 /* NSDictionary+BSJSONAdditions.h */ = {isa = PBXFileReference; fileEncoding = 4; lastKnownFileType = sourcecode.c.h; path = "NSDictionary+BSJSONAdditions.h"; sourceTree = "<group>"; };
		B018476D19F89DCC00938054 /* NSDictionary+BSJSONAdditions.m */ = {isa = PBXFileReference; fileEncoding = 4; lastKnownFileType = sourcecode.c.objc; path = "NSDictionary+BSJSONAdditions.m"; sourceTree = "<group>"; };
		B018476E19F89DCC00938054 /* NSScanner+BSJSONAdditions.h */ = {isa = PBXFileReference; fileEncoding = 4; lastKnownFileType = sourcecode.c.h; path = "NSScanner+BSJSONAdditions.h"; sourceTree = "<group>"; };
		B018476F19F89DCC00938054 /* NSScanner+BSJSONAdditions.m */ = {isa = PBXFileReference; fileEncoding = 4; lastKnownFileType = sourcecode.c.objc; path = "NSScanner+BSJSONAdditions.m"; sourceTree = "<group>"; };
		B018477019F89DCC00938054 /* NSString+BSJSONAdditions.h */ = {isa = PBXFileReference; fileEncoding = 4; lastKnownFileType = sourcecode.c.h; path = "NSString+BSJSONAdditions.h"; sourceTree = "<group>"; };
		B018477119F89DCC00938054 /* NSString+BSJSONAdditions.m */ = {isa = PBXFileReference; fileEncoding = 4; lastKnownFileType = sourcecode.c.objc; path = "NSString+BSJSONAdditions.m"; sourceTree = "<group>"; };
		B018477219F89DCC00938054 /* NSFileManager+PathSize.h */ = {isa = PBXFileReference; fileEncoding = 4; lastKnownFileType = sourcecode.c.h; path = "NSFileManager+PathSize.h"; sourceTree = "<group>"; };
		B018477319F89DCC00938054 /* NSFileManager+PathSize.m */ = {isa = PBXFileReference; fileEncoding = 4; lastKnownFileType = sourcecode.c.objc; path = "NSFileManager+PathSize.m"; sourceTree = "<group>"; };
		B018477419F89DCC00938054 /* NSString+Helper.h */ = {isa = PBXFileReference; fileEncoding = 4; lastKnownFileType = sourcecode.c.h; path = "NSString+Helper.h"; sourceTree = "<group>"; };
		B018477519F89DCC00938054 /* NSString+Helper.m */ = {isa = PBXFileReference; fileEncoding = 4; lastKnownFileType = sourcecode.c.objc; path = "NSString+Helper.m"; sourceTree = "<group>"; };
		B018477619F89DCC00938054 /* UIColor+TSUIColorEX.h */ = {isa = PBXFileReference; fileEncoding = 4; lastKnownFileType = sourcecode.c.h; path = "UIColor+TSUIColorEX.h"; sourceTree = "<group>"; };
		B018477719F89DCC00938054 /* UIColor+TSUIColorEX.m */ = {isa = PBXFileReference; fileEncoding = 4; lastKnownFileType = sourcecode.c.objc; path = "UIColor+TSUIColorEX.m"; sourceTree = "<group>"; };
		B018477819F89DCC00938054 /* UIImage+Alpha.h */ = {isa = PBXFileReference; fileEncoding = 4; lastKnownFileType = sourcecode.c.h; path = "UIImage+Alpha.h"; sourceTree = "<group>"; };
		B018477919F89DCC00938054 /* UIImage+Alpha.m */ = {isa = PBXFileReference; fileEncoding = 4; lastKnownFileType = sourcecode.c.objc; path = "UIImage+Alpha.m"; sourceTree = "<group>"; };
		B018477A19F89DCC00938054 /* UIImage+Resize.h */ = {isa = PBXFileReference; fileEncoding = 4; lastKnownFileType = sourcecode.c.h; path = "UIImage+Resize.h"; sourceTree = "<group>"; };
		B018477B19F89DCC00938054 /* UIImage+Resize.m */ = {isa = PBXFileReference; fileEncoding = 4; lastKnownFileType = sourcecode.c.objc; path = "UIImage+Resize.m"; sourceTree = "<group>"; };
		B018477C19F89DCC00938054 /* UIImage+RoundedCorner.h */ = {isa = PBXFileReference; fileEncoding = 4; lastKnownFileType = sourcecode.c.h; path = "UIImage+RoundedCorner.h"; sourceTree = "<group>"; };
		B018477D19F89DCC00938054 /* UIImage+RoundedCorner.m */ = {isa = PBXFileReference; fileEncoding = 4; lastKnownFileType = sourcecode.c.objc; path = "UIImage+RoundedCorner.m"; sourceTree = "<group>"; };
		B018477E19F89DCC00938054 /* UILabel+TSLabelEX.h */ = {isa = PBXFileReference; fileEncoding = 4; lastKnownFileType = sourcecode.c.h; path = "UILabel+TSLabelEX.h"; sourceTree = "<group>"; };
		B018477F19F89DCC00938054 /* UILabel+TSLabelEX.m */ = {isa = PBXFileReference; fileEncoding = 4; lastKnownFileType = sourcecode.c.objc; path = "UILabel+TSLabelEX.m"; sourceTree = "<group>"; };
		B018478119F89DCC00938054 /* APIMarco.h */ = {isa = PBXFileReference; fileEncoding = 4; lastKnownFileType = sourcecode.c.h; path = APIMarco.h; sourceTree = "<group>"; };
		B018478219F89DCC00938054 /* UitiesMarco.h */ = {isa = PBXFileReference; fileEncoding = 4; lastKnownFileType = sourcecode.c.h; path = UitiesMarco.h; sourceTree = "<group>"; };
		B018478319F89DCC00938054 /* VendorMacro.h */ = {isa = PBXFileReference; fileEncoding = 4; lastKnownFileType = sourcecode.c.h; path = VendorMacro.h; sourceTree = "<group>"; };
		B01847CD19F89DCC00938054 /* TSArrayDataSource.h */ = {isa = PBXFileReference; fileEncoding = 4; lastKnownFileType = sourcecode.c.h; path = TSArrayDataSource.h; sourceTree = "<group>"; };
		B01847CE19F89DCC00938054 /* TSArrayDataSource.m */ = {isa = PBXFileReference; fileEncoding = 4; lastKnownFileType = sourcecode.c.objc; path = TSArrayDataSource.m; sourceTree = "<group>"; };
		B01847CF19F89DCC00938054 /* TSDateFormatterTool.h */ = {isa = PBXFileReference; fileEncoding = 4; lastKnownFileType = sourcecode.c.h; path = TSDateFormatterTool.h; sourceTree = "<group>"; };
		B01847D019F89DCC00938054 /* TSDateFormatterTool.m */ = {isa = PBXFileReference; fileEncoding = 4; lastKnownFileType = sourcecode.c.objc; path = TSDateFormatterTool.m; sourceTree = "<group>"; };
		B01847D119F89DCC00938054 /* TSHttpTool.h */ = {isa = PBXFileReference; fileEncoding = 4; lastKnownFileType = sourcecode.c.h; path = TSHttpTool.h; sourceTree = "<group>"; };
		B01847D219F89DCC00938054 /* TSHttpTool.m */ = {isa = PBXFileReference; fileEncoding = 4; lastKnownFileType = sourcecode.c.objc; path = TSHttpTool.m; sourceTree = "<group>"; };
		B01847D319F89DCC00938054 /* TSImageUtil.h */ = {isa = PBXFileReference; fileEncoding = 4; lastKnownFileType = sourcecode.c.h; path = TSImageUtil.h; sourceTree = "<group>"; };
		B01847D419F89DCC00938054 /* TSImageUtil.m */ = {isa = PBXFileReference; fileEncoding = 4; lastKnownFileType = sourcecode.c.objc; path = TSImageUtil.m; sourceTree = "<group>"; };
		B01847D519F89DCC00938054 /* TSItemClickDelegate.h */ = {isa = PBXFileReference; fileEncoding = 4; lastKnownFileType = sourcecode.c.h; path = TSItemClickDelegate.h; sourceTree = "<group>"; };
		B031217B19F8AFA9008721C4 /* TSLoginViewController.h */ = {isa = PBXFileReference; fileEncoding = 4; lastKnownFileType = sourcecode.c.h; path = TSLoginViewController.h; sourceTree = "<group>"; };
		B031217C19F8AFA9008721C4 /* TSLoginViewController.m */ = {isa = PBXFileReference; fileEncoding = 4; lastKnownFileType = sourcecode.c.objc; path = TSLoginViewController.m; sourceTree = "<group>"; };
		B031217D19F8AFA9008721C4 /* TSLoginViewController.xib */ = {isa = PBXFileReference; fileEncoding = 4; lastKnownFileType = file.xib; path = TSLoginViewController.xib; sourceTree = "<group>"; };
		B031218319F8B7B0008721C4 /* login_bg.jpg */ = {isa = PBXFileReference; lastKnownFileType = image.jpeg; path = login_bg.jpg; sourceTree = "<group>"; };
		B031218419F8B7B0008721C4 /* login_btn.png */ = {isa = PBXFileReference; lastKnownFileType = image.png; path = login_btn.png; sourceTree = "<group>"; };
		B031218519F8B7B0008721C4 /* login_header.png */ = {isa = PBXFileReference; lastKnownFileType = image.png; path = login_header.png; sourceTree = "<group>"; };
		B03AC4CF19F904AB002FC299 /* register_btn_next.png */ = {isa = PBXFileReference; lastKnownFileType = image.png; path = register_btn_next.png; sourceTree = "<group>"; };
		B03AC4D019F904AB002FC299 /* register_btn_test.png */ = {isa = PBXFileReference; lastKnownFileType = image.png; path = register_btn_test.png; sourceTree = "<group>"; };
		B03AC4D119F904AB002FC299 /* register_textfield.png */ = {isa = PBXFileReference; lastKnownFileType = image.png; path = register_textfield.png; sourceTree = "<group>"; };
		B03AC4D819F90F0C002FC299 /* navigationBar_bg.png */ = {isa = PBXFileReference; lastKnownFileType = image.png; path = navigationBar_bg.png; sourceTree = "<group>"; };
		B05115BD19F956B200CA6E2E /* navi_back_new.png */ = {isa = PBXFileReference; lastKnownFileType = image.png; path = navi_back_new.png; sourceTree = "<group>"; };
		B05115C119F957CA00CA6E2E /* TSRegisterTwoViewController.h */ = {isa = PBXFileReference; fileEncoding = 4; lastKnownFileType = sourcecode.c.h; path = TSRegisterTwoViewController.h; sourceTree = "<group>"; };
		B05115C219F957CA00CA6E2E /* TSRegisterTwoViewController.m */ = {isa = PBXFileReference; fileEncoding = 4; lastKnownFileType = sourcecode.c.objc; path = TSRegisterTwoViewController.m; sourceTree = "<group>"; };
		B05115C319F957CA00CA6E2E /* TSRegisterTwoViewController.xib */ = {isa = PBXFileReference; fileEncoding = 4; lastKnownFileType = file.xib; path = TSRegisterTwoViewController.xib; sourceTree = "<group>"; };
		B05115C619F9669E00CA6E2E /* TabBarControllers.plist */ = {isa = PBXFileReference; fileEncoding = 4; lastKnownFileType = text.plist.xml; path = TabBarControllers.plist; sourceTree = "<group>"; };
		B05115C819F969C600CA6E2E /* TSFristViewController.h */ = {isa = PBXFileReference; fileEncoding = 4; lastKnownFileType = sourcecode.c.h; path = TSFristViewController.h; sourceTree = "<group>"; };
		B05115C919F969C600CA6E2E /* TSFristViewController.m */ = {isa = PBXFileReference; fileEncoding = 4; lastKnownFileType = sourcecode.c.objc; path = TSFristViewController.m; sourceTree = "<group>"; };
		B05115CA19F969C600CA6E2E /* TSFristViewController.xib */ = {isa = PBXFileReference; fileEncoding = 4; lastKnownFileType = file.xib; path = TSFristViewController.xib; sourceTree = "<group>"; };
		B05115D219F96A5000CA6E2E /* TSCategoryViewController.h */ = {isa = PBXFileReference; fileEncoding = 4; lastKnownFileType = sourcecode.c.h; path = TSCategoryViewController.h; sourceTree = "<group>"; };
		B05115D319F96A5000CA6E2E /* TSCategoryViewController.m */ = {isa = PBXFileReference; fileEncoding = 4; lastKnownFileType = sourcecode.c.objc; path = TSCategoryViewController.m; sourceTree = "<group>"; };
		B05115D419F96A5000CA6E2E /* TSCategoryViewController.xib */ = {isa = PBXFileReference; fileEncoding = 4; lastKnownFileType = file.xib; path = TSCategoryViewController.xib; sourceTree = "<group>"; };
		B05115D719F96A6D00CA6E2E /* TSForumViewController.h */ = {isa = PBXFileReference; fileEncoding = 4; lastKnownFileType = sourcecode.c.h; path = TSForumViewController.h; sourceTree = "<group>"; };
		B05115D819F96A6D00CA6E2E /* TSForumViewController.m */ = {isa = PBXFileReference; fileEncoding = 4; lastKnownFileType = sourcecode.c.objc; path = TSForumViewController.m; sourceTree = "<group>"; };
		B05115D919F96A6D00CA6E2E /* TSForumViewController.xib */ = {isa = PBXFileReference; fileEncoding = 4; lastKnownFileType = file.xib; path = TSForumViewController.xib; sourceTree = "<group>"; };
		B05115DC19F96A8100CA6E2E /* TSInviteViewController.h */ = {isa = PBXFileReference; fileEncoding = 4; lastKnownFileType = sourcecode.c.h; path = TSInviteViewController.h; sourceTree = "<group>"; };
		B05115DD19F96A8100CA6E2E /* TSInviteViewController.m */ = {isa = PBXFileReference; fileEncoding = 4; lastKnownFileType = sourcecode.c.objc; path = TSInviteViewController.m; sourceTree = "<group>"; };
		B05115DE19F96A8100CA6E2E /* TSInviteViewController.xib */ = {isa = PBXFileReference; fileEncoding = 4; lastKnownFileType = file.xib; path = TSInviteViewController.xib; sourceTree = "<group>"; };
		B05115E119F96A9500CA6E2E /* TSMineViewController.h */ = {isa = PBXFileReference; fileEncoding = 4; lastKnownFileType = sourcecode.c.h; path = TSMineViewController.h; sourceTree = "<group>"; };
		B05115E219F96A9500CA6E2E /* TSMineViewController.m */ = {isa = PBXFileReference; fileEncoding = 4; lastKnownFileType = sourcecode.c.objc; path = TSMineViewController.m; sourceTree = "<group>"; };
		B05115E319F96A9500CA6E2E /* TSMineViewController.xib */ = {isa = PBXFileReference; fileEncoding = 4; lastKnownFileType = file.xib; path = TSMineViewController.xib; sourceTree = "<group>"; };
		B05115E619F96DD400CA6E2E /* TSMainTabBarViewController.h */ = {isa = PBXFileReference; fileEncoding = 4; lastKnownFileType = sourcecode.c.h; path = TSMainTabBarViewController.h; sourceTree = "<group>"; };
		B05115E719F96DD400CA6E2E /* TSMainTabBarViewController.m */ = {isa = PBXFileReference; fileEncoding = 4; lastKnownFileType = sourcecode.c.objc; path = TSMainTabBarViewController.m; sourceTree = "<group>"; };
		B05115EA19F9748C00CA6E2E /* category_icon.png */ = {isa = PBXFileReference; lastKnownFileType = image.png; path = category_icon.png; sourceTree = "<group>"; };
		B05115EB19F9748C00CA6E2E /* category_icon_selected.png */ = {isa = PBXFileReference; lastKnownFileType = image.png; path = category_icon_selected.png; sourceTree = "<group>"; };
		B05115EC19F9748C00CA6E2E /* first_icon.png */ = {isa = PBXFileReference; lastKnownFileType = image.png; path = first_icon.png; sourceTree = "<group>"; };
		B05115ED19F9748C00CA6E2E /* first_icon_selected.png */ = {isa = PBXFileReference; lastKnownFileType = image.png; path = first_icon_selected.png; sourceTree = "<group>"; };
		B05115EE19F9748C00CA6E2E /* forum_icon.png */ = {isa = PBXFileReference; lastKnownFileType = image.png; path = forum_icon.png; sourceTree = "<group>"; };
		B05115EF19F9748C00CA6E2E /* forum_icon_selected.png */ = {isa = PBXFileReference; lastKnownFileType = image.png; path = forum_icon_selected.png; sourceTree = "<group>"; };
		B05115F019F9748C00CA6E2E /* invite_icon.png */ = {isa = PBXFileReference; lastKnownFileType = image.png; path = invite_icon.png; sourceTree = "<group>"; };
		B05115F119F9748C00CA6E2E /* invite_icon_selected.png */ = {isa = PBXFileReference; lastKnownFileType = image.png; path = invite_icon_selected.png; sourceTree = "<group>"; };
		B05115F219F9748C00CA6E2E /* my_icon.png */ = {isa = PBXFileReference; lastKnownFileType = image.png; path = my_icon.png; sourceTree = "<group>"; };
		B05115F319F9748C00CA6E2E /* my_icon_selected.png */ = {isa = PBXFileReference; lastKnownFileType = image.png; path = my_icon_selected.png; sourceTree = "<group>"; };
		B051160019F9785900CA6E2E /* tabbar_bg.jpeg */ = {isa = PBXFileReference; lastKnownFileType = image.jpeg; path = tabbar_bg.jpeg; sourceTree = "<group>"; };
		B05B62E319FE88BC008F76E0 /* TSSecondsDealTableViewCell.h */ = {isa = PBXFileReference; fileEncoding = 4; lastKnownFileType = sourcecode.c.h; path = TSSecondsDealTableViewCell.h; sourceTree = "<group>"; };
		B05B62E419FE88BC008F76E0 /* TSSecondsDealTableViewCell.m */ = {isa = PBXFileReference; fileEncoding = 4; lastKnownFileType = sourcecode.c.objc; path = TSSecondsDealTableViewCell.m; sourceTree = "<group>"; };
		B05B62E519FE88BC008F76E0 /* TSSecondsDealTableViewCell.xib */ = {isa = PBXFileReference; fileEncoding = 4; lastKnownFileType = file.xib; path = TSSecondsDealTableViewCell.xib; sourceTree = "<group>"; };
		B05B62E819FE88DE008F76E0 /* TSShopReccommendTableViewCell.h */ = {isa = PBXFileReference; fileEncoding = 4; lastKnownFileType = sourcecode.c.h; path = TSShopReccommendTableViewCell.h; sourceTree = "<group>"; };
		B05B62E919FE88DE008F76E0 /* TSShopReccommendTableViewCell.m */ = {isa = PBXFileReference; fileEncoding = 4; lastKnownFileType = sourcecode.c.objc; path = TSShopReccommendTableViewCell.m; sourceTree = "<group>"; };
		B05B62EA19FE88DE008F76E0 /* TSShopReccommendTableViewCell.xib */ = {isa = PBXFileReference; fileEncoding = 4; lastKnownFileType = file.xib; path = TSShopReccommendTableViewCell.xib; sourceTree = "<group>"; };
		B05B62ED19FE88F3008F76E0 /* TSGoodsRecommendTableViewCell.h */ = {isa = PBXFileReference; fileEncoding = 4; lastKnownFileType = sourcecode.c.h; path = TSGoodsRecommendTableViewCell.h; sourceTree = "<group>"; };
		B05B62EE19FE88F3008F76E0 /* TSGoodsRecommendTableViewCell.m */ = {isa = PBXFileReference; fileEncoding = 4; lastKnownFileType = sourcecode.c.objc; path = TSGoodsRecommendTableViewCell.m; sourceTree = "<group>"; };
		B05B62EF19FE88F3008F76E0 /* TSGoodsRecommendTableViewCell.xib */ = {isa = PBXFileReference; fileEncoding = 4; lastKnownFileType = file.xib; path = TSGoodsRecommendTableViewCell.xib; sourceTree = "<group>"; };
		B05B62F219FE8905008F76E0 /* TSGoodsExchangeTableViewCell.h */ = {isa = PBXFileReference; fileEncoding = 4; lastKnownFileType = sourcecode.c.h; path = TSGoodsExchangeTableViewCell.h; sourceTree = "<group>"; };
		B05B62F319FE8905008F76E0 /* TSGoodsExchangeTableViewCell.m */ = {isa = PBXFileReference; fileEncoding = 4; lastKnownFileType = sourcecode.c.objc; path = TSGoodsExchangeTableViewCell.m; sourceTree = "<group>"; };
		B05B62F419FE8905008F76E0 /* TSGoodsExchangeTableViewCell.xib */ = {isa = PBXFileReference; fileEncoding = 4; lastKnownFileType = file.xib; path = TSGoodsExchangeTableViewCell.xib; sourceTree = "<group>"; };
		B05B631419FEB15F008F76E0 /* banner1.png */ = {isa = PBXFileReference; lastKnownFileType = image.png; path = banner1.png; sourceTree = "<group>"; };
		B05B631519FEB15F008F76E0 /* bannerBottom.png */ = {isa = PBXFileReference; lastKnownFileType = image.png; path = bannerBottom.png; sourceTree = "<group>"; };
		B05B631619FEB15F008F76E0 /* cell_accessView.png */ = {isa = PBXFileReference; lastKnownFileType = image.png; path = cell_accessView.png; sourceTree = "<group>"; };
		B05B631719FEB15F008F76E0 /* cell_goodsExchange_bg.jpg */ = {isa = PBXFileReference; lastKnownFileType = image.jpeg; path = cell_goodsExchange_bg.jpg; sourceTree = "<group>"; };
		B05B631819FEB15F008F76E0 /* cell_goodsRecommend_bg.jpg */ = {isa = PBXFileReference; lastKnownFileType = image.jpeg; path = cell_goodsRecommend_bg.jpg; sourceTree = "<group>"; };
		B05B631919FEB15F008F76E0 /* cell_secondsDeal_bg.jpg */ = {isa = PBXFileReference; lastKnownFileType = image.jpeg; path = cell_secondsDeal_bg.jpg; sourceTree = "<group>"; };
		B05B631A19FEB15F008F76E0 /* cell_shopRecommend_bg.jpg */ = {isa = PBXFileReference; lastKnownFileType = image.jpeg; path = cell_shopRecommend_bg.jpg; sourceTree = "<group>"; };
		B05B631B19FEB15F008F76E0 /* goodExchange_ring.png */ = {isa = PBXFileReference; lastKnownFileType = image.png; path = goodExchange_ring.png; sourceTree = "<group>"; };
		B05B631C19FEB15F008F76E0 /* goodsRecommend_ring.png */ = {isa = PBXFileReference; lastKnownFileType = image.png; path = goodsRecommend_ring.png; sourceTree = "<group>"; };
		B05B631D19FEB15F008F76E0 /* secondsDeal_ring.png */ = {isa = PBXFileReference; lastKnownFileType = image.png; path = secondsDeal_ring.png; sourceTree = "<group>"; };
		B05B631E19FEB15F008F76E0 /* 秒杀商品01.png */ = {isa = PBXFileReference; lastKnownFileType = image.png; path = "秒杀商品01.png"; sourceTree = "<group>"; };
		B05B632D19FEB5CD008F76E0 /* separetLine.png */ = {isa = PBXFileReference; lastKnownFileType = image.png; path = separetLine.png; sourceTree = "<group>"; };
		B05B632E19FEB5CD008F76E0 /* shopRecommend_ring.png */ = {isa = PBXFileReference; lastKnownFileType = image.png; path = shopRecommend_ring.png; sourceTree = "<group>"; };
		B05B633119FEB639008F76E0 /* 分类2111111111_19.png */ = {isa = PBXFileReference; lastKnownFileType = image.png; path = "分类2111111111_19.png"; sourceTree = "<group>"; };
		B05B633219FEB639008F76E0 /* search_leftView.png */ = {isa = PBXFileReference; lastKnownFileType = image.png; path = search_leftView.png; sourceTree = "<group>"; };
		B0D2AC0719F8E4020074D10B /* TSRegisterViewController.h */ = {isa = PBXFileReference; fileEncoding = 4; lastKnownFileType = sourcecode.c.h; path = TSRegisterViewController.h; sourceTree = "<group>"; };
		B0D2AC0819F8E4020074D10B /* TSRegisterViewController.m */ = {isa = PBXFileReference; fileEncoding = 4; lastKnownFileType = sourcecode.c.objc; path = TSRegisterViewController.m; sourceTree = "<group>"; };
		B0D2AC0919F8E4020074D10B /* TSRegisterViewController.xib */ = {isa = PBXFileReference; fileEncoding = 4; lastKnownFileType = file.xib; path = TSRegisterViewController.xib; sourceTree = "<group>"; };
		CC85AD3F1CAF437A65DAA63C /* Pods.debug.xcconfig */ = {isa = PBXFileReference; includeInIndex = 1; lastKnownFileType = text.xcconfig; name = Pods.debug.xcconfig; path = "Pods/Target Support Files/Pods/Pods.debug.xcconfig"; sourceTree = "<group>"; };
/* End PBXFileReference section */

/* Begin PBXFrameworksBuildPhase section */
		B018471C19F898BF00938054 /* Frameworks */ = {
			isa = PBXFrameworksBuildPhase;
			buildActionMask = 2147483647;
			files = (
				B018472519F898BF00938054 /* CoreGraphics.framework in Frameworks */,
				B018472719F898BF00938054 /* UIKit.framework in Frameworks */,
				B018472319F898BF00938054 /* Foundation.framework in Frameworks */,
				5B377FDA2DCC05B35A3C12D9 /* libPods.a in Frameworks */,
			);
			runOnlyForDeploymentPostprocessing = 0;
		};
		B018473719F898BF00938054 /* Frameworks */ = {
			isa = PBXFrameworksBuildPhase;
			buildActionMask = 2147483647;
			files = (
				B018473C19F898BF00938054 /* XCTest.framework in Frameworks */,
				B018473E19F898BF00938054 /* UIKit.framework in Frameworks */,
				B018473D19F898BF00938054 /* Foundation.framework in Frameworks */,
			);
			runOnlyForDeploymentPostprocessing = 0;
		};
/* End PBXFrameworksBuildPhase section */

/* Begin PBXGroup section */
		2885B93837FF11A036055CCE /* Pods */ = {
			isa = PBXGroup;
			children = (
				CC85AD3F1CAF437A65DAA63C /* Pods.debug.xcconfig */,
				5D2F31DEF389312FF5F3525A /* Pods.release.xcconfig */,
			);
			name = Pods;
			sourceTree = "<group>";
		};
		B018471619F898BF00938054 = {
			isa = PBXGroup;
			children = (
				B018472819F898BF00938054 /* BuildingMaterials */,
				B018474119F898BF00938054 /* BuildingMaterialsTests */,
				B018472119F898BF00938054 /* Frameworks */,
				B018472019F898BF00938054 /* Products */,
				2885B93837FF11A036055CCE /* Pods */,
			);
			sourceTree = "<group>";
		};
		B018472019F898BF00938054 /* Products */ = {
			isa = PBXGroup;
			children = (
				B018471F19F898BF00938054 /* BuildingMaterials.app */,
				B018473A19F898BF00938054 /* BuildingMaterialsTests.xctest */,
			);
			name = Products;
			sourceTree = "<group>";
		};
		B018472119F898BF00938054 /* Frameworks */ = {
			isa = PBXGroup;
			children = (
				B018472219F898BF00938054 /* Foundation.framework */,
				B018472419F898BF00938054 /* CoreGraphics.framework */,
				B018472619F898BF00938054 /* UIKit.framework */,
				B018473B19F898BF00938054 /* XCTest.framework */,
				3279EFA92E8D5E0A96049531 /* libPods.a */,
			);
			name = Frameworks;
			sourceTree = "<group>";
		};
		B018472819F898BF00938054 /* BuildingMaterials */ = {
			isa = PBXGroup;
			children = (
				B018475119F89DCC00938054 /* APP */,
				B018476519F89DCC00938054 /* lib */,
				B018478019F89DCC00938054 /* Macro */,
				B018478419F89DCC00938054 /* Resource */,
				B01847CC19F89DCC00938054 /* Tools */,
				B018473119F898BF00938054 /* TSAppDelegate.h */,
				B018473219F898BF00938054 /* TSAppDelegate.m */,
				B018472919F898BF00938054 /* Supporting Files */,
			);
			path = BuildingMaterials;
			sourceTree = "<group>";
		};
		B018472919F898BF00938054 /* Supporting Files */ = {
			isa = PBXGroup;
			children = (
				B018473419F898BF00938054 /* Images.xcassets */,
				B018472A19F898BF00938054 /* BuildingMaterials-Info.plist */,
				B018472B19F898BF00938054 /* InfoPlist.strings */,
				B018472E19F898BF00938054 /* main.m */,
				B018476419F89DCC00938054 /* Header.h */,
				B018473019F898BF00938054 /* BuildingMaterials-Prefix.pch */,
				B05115C619F9669E00CA6E2E /* TabBarControllers.plist */,
			);
			name = "Supporting Files";
			sourceTree = "<group>";
		};
		B018474119F898BF00938054 /* BuildingMaterialsTests */ = {
			isa = PBXGroup;
			children = (
				B018474719F898BF00938054 /* BuildingMaterialsTests.m */,
				B018474219F898BF00938054 /* Supporting Files */,
			);
			path = BuildingMaterialsTests;
			sourceTree = "<group>";
		};
		B018474219F898BF00938054 /* Supporting Files */ = {
			isa = PBXGroup;
			children = (
				B018474319F898BF00938054 /* BuildingMaterialsTests-Info.plist */,
				B018474419F898BF00938054 /* InfoPlist.strings */,
			);
			name = "Supporting Files";
			sourceTree = "<group>";
		};
		B018475119F89DCC00938054 /* APP */ = {
			isa = PBXGroup;
			children = (
				B018475219F89DCC00938054 /* Controller */,
				B018475819F89DCC00938054 /* Model */,
				B018475B19F89DCC00938054 /* View */,
			);
			path = APP;
			sourceTree = "<group>";
		};
		B018475219F89DCC00938054 /* Controller */ = {
			isa = PBXGroup;
			children = (
				B018475319F89DCC00938054 /* BaseViewController */,
				B0D2AC0619F8E3DE0074D10B /* Register */,
				B018475619F89DCC00938054 /* Login */,
				B0D2AC0519F8E3DE0074D10B /* Main */,
			);
			path = Controller;
			sourceTree = "<group>";
		};
		B018475319F89DCC00938054 /* BaseViewController */ = {
			isa = PBXGroup;
			children = (
				B018475419F89DCC00938054 /* TSBaseViewController.h */,
				B018475519F89DCC00938054 /* TSBaseViewController.m */,
			);
			path = BaseViewController;
			sourceTree = "<group>";
		};
		B018475619F89DCC00938054 /* Login */ = {
			isa = PBXGroup;
			children = (
				B031217B19F8AFA9008721C4 /* TSLoginViewController.h */,
				B031217C19F8AFA9008721C4 /* TSLoginViewController.m */,
				B031217D19F8AFA9008721C4 /* TSLoginViewController.xib */,
			);
			path = Login;
			sourceTree = "<group>";
		};
		B018475819F89DCC00938054 /* Model */ = {
			isa = PBXGroup;
			children = (
				B018475919F89DCC00938054 /* TSUserModel.h */,
				B018475A19F89DCC00938054 /* TSUserModel.m */,
			);
			path = Model;
			sourceTree = "<group>";
		};
		B018475B19F89DCC00938054 /* View */ = {
			isa = PBXGroup;
			children = (
				B05B62E219FE8711008F76E0 /* 以物换物cell */,
				B05B62E119FE86FA008F76E0 /* 商品推荐cell */,
				B05B62E019FE86F0008F76E0 /* 商家推荐cell */,
				B05B62DF19FE86CC008F76E0 /* 掌上秒杀cell */,
				B05B62DE19FE86BC008F76E0 /* BaseView */,
				B05B62DD19FE86A6008F76E0 /* CustomView */,
			);
			path = View;
			sourceTree = "<group>";
		};
		B018476519F89DCC00938054 /* lib */ = {
			isa = PBXGroup;
			children = (
				B018476619F89DCC00938054 /* Categories */,
			);
			path = lib;
			sourceTree = "<group>";
		};
		B018476619F89DCC00938054 /* Categories */ = {
			isa = PBXGroup;
			children = (
				B018476719F89DCC00938054 /* bsjsoinadditions */,
				B018477219F89DCC00938054 /* NSFileManager+PathSize.h */,
				B018477319F89DCC00938054 /* NSFileManager+PathSize.m */,
				B018477419F89DCC00938054 /* NSString+Helper.h */,
				B018477519F89DCC00938054 /* NSString+Helper.m */,
				B018477619F89DCC00938054 /* UIColor+TSUIColorEX.h */,
				B018477719F89DCC00938054 /* UIColor+TSUIColorEX.m */,
				B018477819F89DCC00938054 /* UIImage+Alpha.h */,
				B018477919F89DCC00938054 /* UIImage+Alpha.m */,
				B018477A19F89DCC00938054 /* UIImage+Resize.h */,
				B018477B19F89DCC00938054 /* UIImage+Resize.m */,
				B018477C19F89DCC00938054 /* UIImage+RoundedCorner.h */,
				B018477D19F89DCC00938054 /* UIImage+RoundedCorner.m */,
				B018477E19F89DCC00938054 /* UILabel+TSLabelEX.h */,
				B018477F19F89DCC00938054 /* UILabel+TSLabelEX.m */,
			);
			path = Categories;
			sourceTree = "<group>";
		};
		B018476719F89DCC00938054 /* bsjsoinadditions */ = {
			isa = PBXGroup;
			children = (
				B018476819F89DCC00938054 /* BSJSONEncoder.h */,
				B018476919F89DCC00938054 /* BSJSONEncoder.m */,
				B018476A19F89DCC00938054 /* NSArray+BSJSONAdditions.h */,
				B018476B19F89DCC00938054 /* NSArray+BSJSONAdditions.m */,
				B018476C19F89DCC00938054 /* NSDictionary+BSJSONAdditions.h */,
				B018476D19F89DCC00938054 /* NSDictionary+BSJSONAdditions.m */,
				B018476E19F89DCC00938054 /* NSScanner+BSJSONAdditions.h */,
				B018476F19F89DCC00938054 /* NSScanner+BSJSONAdditions.m */,
				B018477019F89DCC00938054 /* NSString+BSJSONAdditions.h */,
				B018477119F89DCC00938054 /* NSString+BSJSONAdditions.m */,
			);
			path = bsjsoinadditions;
			sourceTree = "<group>";
		};
		B018478019F89DCC00938054 /* Macro */ = {
			isa = PBXGroup;
			children = (
				B018478119F89DCC00938054 /* APIMarco.h */,
				B018478219F89DCC00938054 /* UitiesMarco.h */,
				B018478319F89DCC00938054 /* VendorMacro.h */,
			);
			path = Macro;
			sourceTree = "<group>";
		};
		B018478419F89DCC00938054 /* Resource */ = {
			isa = PBXGroup;
			children = (
				B031218119F8B7B0008721C4 /* images */,
			);
			path = Resource;
			sourceTree = "<group>";
		};
		B01847CC19F89DCC00938054 /* Tools */ = {
			isa = PBXGroup;
			children = (
				B01847CD19F89DCC00938054 /* TSArrayDataSource.h */,
				B01847CE19F89DCC00938054 /* TSArrayDataSource.m */,
				B01847CF19F89DCC00938054 /* TSDateFormatterTool.h */,
				B01847D019F89DCC00938054 /* TSDateFormatterTool.m */,
				B01847D119F89DCC00938054 /* TSHttpTool.h */,
				B01847D219F89DCC00938054 /* TSHttpTool.m */,
				B01847D319F89DCC00938054 /* TSImageUtil.h */,
				B01847D419F89DCC00938054 /* TSImageUtil.m */,
				B01847D519F89DCC00938054 /* TSItemClickDelegate.h */,
			);
			path = Tools;
			sourceTree = "<group>";
		};
		B031218119F8B7B0008721C4 /* images */ = {
			isa = PBXGroup;
			children = (
				B05B62F719FE8986008F76E0 /* 3_Main */,
				B05115E919F9748C00CA6E2E /* Tabbar */,
				B03AC4D719F90F0C002FC299 /* NavigationBar */,
				B031218219F8B7B0008721C4 /* 1_Login */,
				B03AC4CE19F904AB002FC299 /* 2_Register */,
			);
			path = images;
			sourceTree = "<group>";
		};
		B031218219F8B7B0008721C4 /* 1_Login */ = {
			isa = PBXGroup;
			children = (
				B031218319F8B7B0008721C4 /* login_bg.jpg */,
				B031218419F8B7B0008721C4 /* login_btn.png */,
				B031218519F8B7B0008721C4 /* login_header.png */,
			);
			path = 1_Login;
			sourceTree = "<group>";
		};
		B03AC4CE19F904AB002FC299 /* 2_Register */ = {
			isa = PBXGroup;
			children = (
				B03AC4CF19F904AB002FC299 /* register_btn_next.png */,
				B03AC4D019F904AB002FC299 /* register_btn_test.png */,
				B03AC4D119F904AB002FC299 /* register_textfield.png */,
			);
			path = 2_Register;
			sourceTree = "<group>";
		};
		B03AC4D719F90F0C002FC299 /* NavigationBar */ = {
			isa = PBXGroup;
			children = (
				B03AC4D819F90F0C002FC299 /* navigationBar_bg.png */,
				B05115BD19F956B200CA6E2E /* navi_back_new.png */,
			);
			path = NavigationBar;
			sourceTree = "<group>";
		};
		B05115BF19F9579900CA6E2E /* 注册第一步 */ = {
			isa = PBXGroup;
			children = (
				B0D2AC0719F8E4020074D10B /* TSRegisterViewController.h */,
				B0D2AC0819F8E4020074D10B /* TSRegisterViewController.m */,
				B0D2AC0919F8E4020074D10B /* TSRegisterViewController.xib */,
			);
			name = "注册第一步";
			sourceTree = "<group>";
		};
		B05115C019F957A800CA6E2E /* 注册第二步 */ = {
			isa = PBXGroup;
			children = (
				B05115C119F957CA00CA6E2E /* TSRegisterTwoViewController.h */,
				B05115C219F957CA00CA6E2E /* TSRegisterTwoViewController.m */,
				B05115C319F957CA00CA6E2E /* TSRegisterTwoViewController.xib */,
			);
			name = "注册第二步";
			sourceTree = "<group>";
		};
		B05115CD19F969D700CA6E2E /* 首页 */ = {
			isa = PBXGroup;
			children = (
				B05115C819F969C600CA6E2E /* TSFristViewController.h */,
				B05115C919F969C600CA6E2E /* TSFristViewController.m */,
				B05115CA19F969C600CA6E2E /* TSFristViewController.xib */,
			);
			name = "首页";
			sourceTree = "<group>";
		};
		B05115CE19F969E600CA6E2E /* 分类 */ = {
			isa = PBXGroup;
			children = (
				B05115D219F96A5000CA6E2E /* TSCategoryViewController.h */,
				B05115D319F96A5000CA6E2E /* TSCategoryViewController.m */,
				B05115D419F96A5000CA6E2E /* TSCategoryViewController.xib */,
			);
			name = "分类";
			sourceTree = "<group>";
		};
		B05115CF19F969F900CA6E2E /* 论坛 */ = {
			isa = PBXGroup;
			children = (
				B05115D719F96A6D00CA6E2E /* TSForumViewController.h */,
				B05115D819F96A6D00CA6E2E /* TSForumViewController.m */,
				B05115D919F96A6D00CA6E2E /* TSForumViewController.xib */,
			);
			name = "论坛";
			sourceTree = "<group>";
		};
		B05115D019F96A0200CA6E2E /* 招聘 */ = {
			isa = PBXGroup;
			children = (
				B05115DC19F96A8100CA6E2E /* TSInviteViewController.h */,
				B05115DD19F96A8100CA6E2E /* TSInviteViewController.m */,
				B05115DE19F96A8100CA6E2E /* TSInviteViewController.xib */,
			);
			name = "招聘";
			sourceTree = "<group>";
		};
		B05115D119F96A0700CA6E2E /* 我的信息 */ = {
			isa = PBXGroup;
			children = (
				B05115E119F96A9500CA6E2E /* TSMineViewController.h */,
				B05115E219F96A9500CA6E2E /* TSMineViewController.m */,
				B05115E319F96A9500CA6E2E /* TSMineViewController.xib */,
			);
			name = "我的信息";
			sourceTree = "<group>";
		};
		B05115E919F9748C00CA6E2E /* Tabbar */ = {
			isa = PBXGroup;
			children = (
				B05115EA19F9748C00CA6E2E /* category_icon.png */,
				B051160019F9785900CA6E2E /* tabbar_bg.jpeg */,
				B05115EB19F9748C00CA6E2E /* category_icon_selected.png */,
				B05115EC19F9748C00CA6E2E /* first_icon.png */,
				B05115ED19F9748C00CA6E2E /* first_icon_selected.png */,
				B05115EE19F9748C00CA6E2E /* forum_icon.png */,
				B05115EF19F9748C00CA6E2E /* forum_icon_selected.png */,
				B05115F019F9748C00CA6E2E /* invite_icon.png */,
				B05115F119F9748C00CA6E2E /* invite_icon_selected.png */,
				B05115F219F9748C00CA6E2E /* my_icon.png */,
				B05115F319F9748C00CA6E2E /* my_icon_selected.png */,
			);
			path = Tabbar;
			sourceTree = "<group>";
		};
		B05B62DD19FE86A6008F76E0 /* CustomView */ = {
			isa = PBXGroup;
			children = (
				B018476019F89DCC00938054 /* TSScrollView.h */,
				B018476119F89DCC00938054 /* TSScrollView.m */,
				B018476219F89DCC00938054 /* TSTextField.h */,
				B018476319F89DCC00938054 /* TSTextField.m */,
			);
			name = CustomView;
			sourceTree = "<group>";
		};
		B05B62DE19FE86BC008F76E0 /* BaseView */ = {
			isa = PBXGroup;
			children = (
				B018475C19F89DCC00938054 /* TSBaseView.h */,
				B018475D19F89DCC00938054 /* TSBaseView.m */,
				B018475E19F89DCC00938054 /* TSRootView.h */,
				B018475F19F89DCC00938054 /* TSRootView.m */,
			);
			name = BaseView;
			sourceTree = "<group>";
		};
		B05B62DF19FE86CC008F76E0 /* 掌上秒杀cell */ = {
			isa = PBXGroup;
			children = (
				B05B62E319FE88BC008F76E0 /* TSSecondsDealTableViewCell.h */,
				B05B62E419FE88BC008F76E0 /* TSSecondsDealTableViewCell.m */,
				B05B62E519FE88BC008F76E0 /* TSSecondsDealTableViewCell.xib */,
			);
			name = "掌上秒杀cell";
			sourceTree = "<group>";
		};
		B05B62E019FE86F0008F76E0 /* 商家推荐cell */ = {
			isa = PBXGroup;
			children = (
				B05B62E819FE88DE008F76E0 /* TSShopReccommendTableViewCell.h */,
				B05B62E919FE88DE008F76E0 /* TSShopReccommendTableViewCell.m */,
				B05B62EA19FE88DE008F76E0 /* TSShopReccommendTableViewCell.xib */,
			);
			name = "商家推荐cell";
			sourceTree = "<group>";
		};
		B05B62E119FE86FA008F76E0 /* 商品推荐cell */ = {
			isa = PBXGroup;
			children = (
				B05B62ED19FE88F3008F76E0 /* TSGoodsRecommendTableViewCell.h */,
				B05B62EE19FE88F3008F76E0 /* TSGoodsRecommendTableViewCell.m */,
				B05B62EF19FE88F3008F76E0 /* TSGoodsRecommendTableViewCell.xib */,
			);
			name = "商品推荐cell";
			sourceTree = "<group>";
		};
		B05B62E219FE8711008F76E0 /* 以物换物cell */ = {
			isa = PBXGroup;
			children = (
				B05B62F219FE8905008F76E0 /* TSGoodsExchangeTableViewCell.h */,
				B05B62F319FE8905008F76E0 /* TSGoodsExchangeTableViewCell.m */,
				B05B62F419FE8905008F76E0 /* TSGoodsExchangeTableViewCell.xib */,
			);
			name = "以物换物cell";
			sourceTree = "<group>";
		};
		B05B62F719FE8986008F76E0 /* 3_Main */ = {
			isa = PBXGroup;
			children = (
				B05B631219FEB15F008F76E0 /* category */,
				B05B631319FEB15F008F76E0 /* first */,
				B05B631F19FEB15F008F76E0 /* forum */,
				B05B632019FEB15F008F76E0 /* invite */,
				B05B632119FEB15F008F76E0 /* mine */,
			);
			path = 3_Main;
			sourceTree = "<group>";
		};
		B05B631219FEB15F008F76E0 /* category */ = {
			isa = PBXGroup;
			children = (
				B05B633119FEB639008F76E0 /* 分类2111111111_19.png */,
				B05B633219FEB639008F76E0 /* search_leftView.png */,
			);
			path = category;
			sourceTree = "<group>";
		};
		B05B631319FEB15F008F76E0 /* first */ = {
			isa = PBXGroup;
			children = (
				B05B632D19FEB5CD008F76E0 /* separetLine.png */,
				B05B632E19FEB5CD008F76E0 /* shopRecommend_ring.png */,
				B05B631419FEB15F008F76E0 /* banner1.png */,
				B05B631519FEB15F008F76E0 /* bannerBottom.png */,
				B05B631619FEB15F008F76E0 /* cell_accessView.png */,
				B05B631719FEB15F008F76E0 /* cell_goodsExchange_bg.jpg */,
				B05B631819FEB15F008F76E0 /* cell_goodsRecommend_bg.jpg */,
				B05B631919FEB15F008F76E0 /* cell_secondsDeal_bg.jpg */,
				B05B631A19FEB15F008F76E0 /* cell_shopRecommend_bg.jpg */,
				B05B631B19FEB15F008F76E0 /* goodExchange_ring.png */,
				B05B631C19FEB15F008F76E0 /* goodsRecommend_ring.png */,
				B05B631D19FEB15F008F76E0 /* secondsDeal_ring.png */,
				B05B631E19FEB15F008F76E0 /* 秒杀商品01.png */,
			);
			path = first;
			sourceTree = "<group>";
		};
		B05B631F19FEB15F008F76E0 /* forum */ = {
			isa = PBXGroup;
			children = (
			);
			path = forum;
			sourceTree = "<group>";
		};
		B05B632019FEB15F008F76E0 /* invite */ = {
			isa = PBXGroup;
			children = (
			);
			path = invite;
			sourceTree = "<group>";
		};
		B05B632119FEB15F008F76E0 /* mine */ = {
			isa = PBXGroup;
			children = (
			);
			path = mine;
			sourceTree = "<group>";
		};
		B0D2AC0519F8E3DE0074D10B /* Main */ = {
			isa = PBXGroup;
			children = (
				B05115E619F96DD400CA6E2E /* TSMainTabBarViewController.h */,
				B05115E719F96DD400CA6E2E /* TSMainTabBarViewController.m */,
				B05115CD19F969D700CA6E2E /* 首页 */,
				B05115CE19F969E600CA6E2E /* 分类 */,
				B05115CF19F969F900CA6E2E /* 论坛 */,
				B05115D019F96A0200CA6E2E /* 招聘 */,
				B05115D119F96A0700CA6E2E /* 我的信息 */,
			);
			path = Main;
			sourceTree = "<group>";
		};
		B0D2AC0619F8E3DE0074D10B /* Register */ = {
			isa = PBXGroup;
			children = (
				B05115BF19F9579900CA6E2E /* 注册第一步 */,
				B05115C019F957A800CA6E2E /* 注册第二步 */,
			);
			path = Register;
			sourceTree = "<group>";
		};
/* End PBXGroup section */

/* Begin PBXNativeTarget section */
		B018471E19F898BF00938054 /* BuildingMaterials */ = {
			isa = PBXNativeTarget;
			buildConfigurationList = B018474B19F898BF00938054 /* Build configuration list for PBXNativeTarget "BuildingMaterials" */;
			buildPhases = (
				4294A1C0959F11AB1F8751BD /* Check Pods Manifest.lock */,
				B018471B19F898BF00938054 /* Sources */,
				B018471C19F898BF00938054 /* Frameworks */,
				B018471D19F898BF00938054 /* Resources */,
				2D98D4576699DC2BD2D78472 /* Copy Pods Resources */,
			);
			buildRules = (
			);
			dependencies = (
			);
			name = BuildingMaterials;
			productName = BuildingMaterials;
			productReference = B018471F19F898BF00938054 /* BuildingMaterials.app */;
			productType = "com.apple.product-type.application";
		};
		B018473919F898BF00938054 /* BuildingMaterialsTests */ = {
			isa = PBXNativeTarget;
			buildConfigurationList = B018474E19F898BF00938054 /* Build configuration list for PBXNativeTarget "BuildingMaterialsTests" */;
			buildPhases = (
				B018473619F898BF00938054 /* Sources */,
				B018473719F898BF00938054 /* Frameworks */,
				B018473819F898BF00938054 /* Resources */,
			);
			buildRules = (
			);
			dependencies = (
				B018474019F898BF00938054 /* PBXTargetDependency */,
			);
			name = BuildingMaterialsTests;
			productName = BuildingMaterialsTests;
			productReference = B018473A19F898BF00938054 /* BuildingMaterialsTests.xctest */;
			productType = "com.apple.product-type.bundle.unit-test";
		};
/* End PBXNativeTarget section */

/* Begin PBXProject section */
		B018471719F898BF00938054 /* Project object */ = {
			isa = PBXProject;
			attributes = {
				CLASSPREFIX = TS;
				LastUpgradeCheck = 0510;
				ORGANIZATIONNAME = Ariel;
				TargetAttributes = {
					B018471E19F898BF00938054 = {
						DevelopmentTeam = 6GASTWWZR6;
					};
					B018473919F898BF00938054 = {
						TestTargetID = B018471E19F898BF00938054;
					};
				};
			};
			buildConfigurationList = B018471A19F898BF00938054 /* Build configuration list for PBXProject "BuildingMaterials" */;
			compatibilityVersion = "Xcode 3.2";
			developmentRegion = English;
			hasScannedForEncodings = 0;
			knownRegions = (
				en,
			);
			mainGroup = B018471619F898BF00938054;
			productRefGroup = B018472019F898BF00938054 /* Products */;
			projectDirPath = "";
			projectRoot = "";
			targets = (
				B018471E19F898BF00938054 /* BuildingMaterials */,
				B018473919F898BF00938054 /* BuildingMaterialsTests */,
			);
		};
/* End PBXProject section */

/* Begin PBXResourcesBuildPhase section */
		B018471D19F898BF00938054 /* Resources */ = {
			isa = PBXResourcesBuildPhase;
			buildActionMask = 2147483647;
			files = (
				B03AC4D419F904AB002FC299 /* register_textfield.png in Resources */,
				B05115D619F96A5000CA6E2E /* TSCategoryViewController.xib in Resources */,
				B031218619F8B7B0008721C4 /* login_bg.jpg in Resources */,
				B05115F519F9748C00CA6E2E /* category_icon_selected.png in Resources */,
				B05B632819FEB15F008F76E0 /* cell_shopRecommend_bg.jpg in Resources */,
				B03AC4D919F90F0C002FC299 /* navigationBar_bg.png in Resources */,
				B05115DB19F96A6D00CA6E2E /* TSForumViewController.xib in Resources */,
				B05B632919FEB15F008F76E0 /* goodExchange_ring.png in Resources */,
				B05B632A19FEB15F008F76E0 /* goodsRecommend_ring.png in Resources */,
				B05B632719FEB15F008F76E0 /* cell_secondsDeal_bg.jpg in Resources */,
				B05B632319FEB15F008F76E0 /* bannerBottom.png in Resources */,
				B05B62F619FE8905008F76E0 /* TSGoodsExchangeTableViewCell.xib in Resources */,
				B05115BE19F956B200CA6E2E /* navi_back_new.png in Resources */,
				B05115F419F9748C00CA6E2E /* category_icon.png in Resources */,
				B05B633419FEB639008F76E0 /* search_leftView.png in Resources */,
				B018472D19F898BF00938054 /* InfoPlist.strings in Resources */,
				B05B62F119FE88F3008F76E0 /* TSGoodsRecommendTableViewCell.xib in Resources */,
				B05115F619F9748C00CA6E2E /* first_icon.png in Resources */,
				B05B62E719FE88BC008F76E0 /* TSSecondsDealTableViewCell.xib in Resources */,
				B05115F819F9748C00CA6E2E /* forum_icon.png in Resources */,
				B05B632619FEB15F008F76E0 /* cell_goodsRecommend_bg.jpg in Resources */,
				B05B632F19FEB5CD008F76E0 /* separetLine.png in Resources */,
				B05B632C19FEB15F008F76E0 /* 秒杀商品01.png in Resources */,
				B031218719F8B7B0008721C4 /* login_btn.png in Resources */,
				B0D2AC0B19F8E4020074D10B /* TSRegisterViewController.xib in Resources */,
				B05115C519F957CA00CA6E2E /* TSRegisterTwoViewController.xib in Resources */,
				B05115C719F9669E00CA6E2E /* TabBarControllers.plist in Resources */,
				B05B632B19FEB15F008F76E0 /* secondsDeal_ring.png in Resources */,
				B05B633319FEB639008F76E0 /* 分类2111111111_19.png in Resources */,
				B05115E519F96A9500CA6E2E /* TSMineViewController.xib in Resources */,
				B05115FC19F9748C00CA6E2E /* my_icon.png in Resources */,
				B05B632519FEB15F008F76E0 /* cell_goodsExchange_bg.jpg in Resources */,
				B018473519F898BF00938054 /* Images.xcassets in Resources */,
				B05115E019F96A8100CA6E2E /* TSInviteViewController.xib in Resources */,
				B031218819F8B7B0008721C4 /* login_header.png in Resources */,
				B051160119F9785900CA6E2E /* tabbar_bg.jpeg in Resources */,
				B03AC4D319F904AB002FC299 /* register_btn_test.png in Resources */,
				B05115F719F9748C00CA6E2E /* first_icon_selected.png in Resources */,
				B05115FD19F9748C00CA6E2E /* my_icon_selected.png in Resources */,
				B05B633019FEB5CD008F76E0 /* shopRecommend_ring.png in Resources */,
				B05B62EC19FE88DE008F76E0 /* TSShopReccommendTableViewCell.xib in Resources */,
				B03AC4D219F904AB002FC299 /* register_btn_next.png in Resources */,
				B05115F919F9748C00CA6E2E /* forum_icon_selected.png in Resources */,
				B05115FA19F9748C00CA6E2E /* invite_icon.png in Resources */,
				B05B632219FEB15F008F76E0 /* banner1.png in Resources */,
				B05115CC19F969C600CA6E2E /* TSFristViewController.xib in Resources */,
				B05B632419FEB15F008F76E0 /* cell_accessView.png in Resources */,
				B05115FB19F9748C00CA6E2E /* invite_icon_selected.png in Resources */,
				B031217F19F8AFA9008721C4 /* TSLoginViewController.xib in Resources */,
			);
			runOnlyForDeploymentPostprocessing = 0;
		};
		B018473819F898BF00938054 /* Resources */ = {
			isa = PBXResourcesBuildPhase;
			buildActionMask = 2147483647;
			files = (
				B018474619F898BF00938054 /* InfoPlist.strings in Resources */,
			);
			runOnlyForDeploymentPostprocessing = 0;
		};
/* End PBXResourcesBuildPhase section */

/* Begin PBXShellScriptBuildPhase section */
		2D98D4576699DC2BD2D78472 /* Copy Pods Resources */ = {
			isa = PBXShellScriptBuildPhase;
			buildActionMask = 2147483647;
			files = (
			);
			inputPaths = (
			);
			name = "Copy Pods Resources";
			outputPaths = (
			);
			runOnlyForDeploymentPostprocessing = 0;
			shellPath = /bin/sh;
			shellScript = "\"${SRCROOT}/Pods/Target Support Files/Pods/Pods-resources.sh\"\n";
			showEnvVarsInLog = 0;
		};
		4294A1C0959F11AB1F8751BD /* Check Pods Manifest.lock */ = {
			isa = PBXShellScriptBuildPhase;
			buildActionMask = 2147483647;
			files = (
			);
			inputPaths = (
			);
			name = "Check Pods Manifest.lock";
			outputPaths = (
			);
			runOnlyForDeploymentPostprocessing = 0;
			shellPath = /bin/sh;
			shellScript = "diff \"${PODS_ROOT}/../Podfile.lock\" \"${PODS_ROOT}/Manifest.lock\" > /dev/null\nif [[ $? != 0 ]] ; then\n    cat << EOM\nerror: The sandbox is not in sync with the Podfile.lock. Run 'pod install' or update your CocoaPods installation.\nEOM\n    exit 1\nfi\n";
			showEnvVarsInLog = 0;
		};
/* End PBXShellScriptBuildPhase section */

/* Begin PBXSourcesBuildPhase section */
		B018471B19F898BF00938054 /* Sources */ = {
			isa = PBXSourcesBuildPhase;
			buildActionMask = 2147483647;
			files = (
				B05115E419F96A9500CA6E2E /* TSMineViewController.m in Sources */,
				B01847DD19F89DCC00938054 /* TSTextField.m in Sources */,
				B01847DF19F89DCC00938054 /* NSArray+BSJSONAdditions.m in Sources */,
				B01847E319F89DCC00938054 /* NSFileManager+PathSize.m in Sources */,
				B01847E219F89DCC00938054 /* NSString+BSJSONAdditions.m in Sources */,
				B01847E619F89DCC00938054 /* UIImage+Alpha.m in Sources */,
				B018482519F89DCC00938054 /* TSDateFormatterTool.m in Sources */,
				B0D2AC0A19F8E4020074D10B /* TSRegisterViewController.m in Sources */,
				B05115DA19F96A6D00CA6E2E /* TSForumViewController.m in Sources */,
				B05115D519F96A5000CA6E2E /* TSCategoryViewController.m in Sources */,
				B01847E819F89DCC00938054 /* UIImage+RoundedCorner.m in Sources */,
				B031217E19F8AFA9008721C4 /* TSLoginViewController.m in Sources */,
				B018482419F89DCC00938054 /* TSArrayDataSource.m in Sources */,
				B01847E719F89DCC00938054 /* UIImage+Resize.m in Sources */,
				B018472F19F898BF00938054 /* main.m in Sources */,
				B01847E419F89DCC00938054 /* NSString+Helper.m in Sources */,
				B018473319F898BF00938054 /* TSAppDelegate.m in Sources */,
				B05115DF19F96A8100CA6E2E /* TSInviteViewController.m in Sources */,
				B018482619F89DCC00938054 /* TSHttpTool.m in Sources */,
				B01847DA19F89DCC00938054 /* TSBaseView.m in Sources */,
				B05115CB19F969C600CA6E2E /* TSFristViewController.m in Sources */,
				B01847DC19F89DCC00938054 /* TSScrollView.m in Sources */,
				B05B62F019FE88F3008F76E0 /* TSGoodsRecommendTableViewCell.m in Sources */,
				B05B62EB19FE88DE008F76E0 /* TSShopReccommendTableViewCell.m in Sources */,
				B01847E519F89DCC00938054 /* UIColor+TSUIColorEX.m in Sources */,
				B018482719F89DCC00938054 /* TSImageUtil.m in Sources */,
				B05B62F519FE8905008F76E0 /* TSGoodsExchangeTableViewCell.m in Sources */,
				B01847D819F89DCC00938054 /* TSBaseViewController.m in Sources */,
				B05115C419F957CA00CA6E2E /* TSRegisterTwoViewController.m in Sources */,
				B01847E019F89DCC00938054 /* NSDictionary+BSJSONAdditions.m in Sources */,
				B01847D919F89DCC00938054 /* TSUserModel.m in Sources */,
				B01847DE19F89DCC00938054 /* BSJSONEncoder.m in Sources */,
				B05115E819F96DD400CA6E2E /* TSMainTabBarViewController.m in Sources */,
				B05B62E619FE88BC008F76E0 /* TSSecondsDealTableViewCell.m in Sources */,
				B01847E119F89DCC00938054 /* NSScanner+BSJSONAdditions.m in Sources */,
				B01847DB19F89DCC00938054 /* TSRootView.m in Sources */,
				B01847E919F89DCC00938054 /* UILabel+TSLabelEX.m in Sources */,
			);
			runOnlyForDeploymentPostprocessing = 0;
		};
		B018473619F898BF00938054 /* Sources */ = {
			isa = PBXSourcesBuildPhase;
			buildActionMask = 2147483647;
			files = (
				B018474819F898BF00938054 /* BuildingMaterialsTests.m in Sources */,
			);
			runOnlyForDeploymentPostprocessing = 0;
		};
/* End PBXSourcesBuildPhase section */

/* Begin PBXTargetDependency section */
		B018474019F898BF00938054 /* PBXTargetDependency */ = {
			isa = PBXTargetDependency;
			target = B018471E19F898BF00938054 /* BuildingMaterials */;
			targetProxy = B018473F19F898BF00938054 /* PBXContainerItemProxy */;
		};
/* End PBXTargetDependency section */

/* Begin PBXVariantGroup section */
		B018472B19F898BF00938054 /* InfoPlist.strings */ = {
			isa = PBXVariantGroup;
			children = (
				B018472C19F898BF00938054 /* en */,
			);
			name = InfoPlist.strings;
			sourceTree = "<group>";
		};
		B018474419F898BF00938054 /* InfoPlist.strings */ = {
			isa = PBXVariantGroup;
			children = (
				B018474519F898BF00938054 /* en */,
			);
			name = InfoPlist.strings;
			sourceTree = "<group>";
		};
/* End PBXVariantGroup section */

/* Begin XCBuildConfiguration section */
		B018474919F898BF00938054 /* Debug */ = {
			isa = XCBuildConfiguration;
			buildSettings = {
				ALWAYS_SEARCH_USER_PATHS = NO;
				CLANG_CXX_LANGUAGE_STANDARD = "gnu++0x";
				CLANG_CXX_LIBRARY = "libc++";
				CLANG_ENABLE_MODULES = YES;
				CLANG_ENABLE_OBJC_ARC = YES;
				CLANG_WARN_BOOL_CONVERSION = YES;
				CLANG_WARN_CONSTANT_CONVERSION = YES;
				CLANG_WARN_DIRECT_OBJC_ISA_USAGE = YES_ERROR;
				CLANG_WARN_EMPTY_BODY = YES;
				CLANG_WARN_ENUM_CONVERSION = YES;
				CLANG_WARN_INT_CONVERSION = YES;
				CLANG_WARN_OBJC_ROOT_CLASS = YES_ERROR;
				CLANG_WARN__DUPLICATE_METHOD_MATCH = YES;
				CODE_SIGN_IDENTITY = "iPhone Distribution: Rongjia Huang (6GASTWWZR6)";
				"CODE_SIGN_IDENTITY[sdk=iphoneos*]" = "iPhone Distribution: Rongjia Huang (6GASTWWZR6)";
				COPY_PHASE_STRIP = NO;
				GCC_C_LANGUAGE_STANDARD = gnu99;
				GCC_DYNAMIC_NO_PIC = NO;
				GCC_OPTIMIZATION_LEVEL = 0;
				GCC_PREPROCESSOR_DEFINITIONS = (
					"DEBUG=1",
					"$(inherited)",
				);
				GCC_SYMBOLS_PRIVATE_EXTERN = NO;
				GCC_WARN_64_TO_32_BIT_CONVERSION = YES;
				GCC_WARN_ABOUT_RETURN_TYPE = YES_ERROR;
				GCC_WARN_UNDECLARED_SELECTOR = YES;
				GCC_WARN_UNINITIALIZED_AUTOS = YES_AGGRESSIVE;
				GCC_WARN_UNUSED_FUNCTION = YES;
				GCC_WARN_UNUSED_VARIABLE = YES;
				IPHONEOS_DEPLOYMENT_TARGET = 7.1;
				ONLY_ACTIVE_ARCH = YES;
				PROVISIONING_PROFILE = "290feaf2-553e-43c2-8f30-953ba215aa62";
				SDKROOT = iphoneos;
			};
			name = Debug;
		};
		B018474A19F898BF00938054 /* Release */ = {
			isa = XCBuildConfiguration;
			buildSettings = {
				ALWAYS_SEARCH_USER_PATHS = NO;
				CLANG_CXX_LANGUAGE_STANDARD = "gnu++0x";
				CLANG_CXX_LIBRARY = "libc++";
				CLANG_ENABLE_MODULES = YES;
				CLANG_ENABLE_OBJC_ARC = YES;
				CLANG_WARN_BOOL_CONVERSION = YES;
				CLANG_WARN_CONSTANT_CONVERSION = YES;
				CLANG_WARN_DIRECT_OBJC_ISA_USAGE = YES_ERROR;
				CLANG_WARN_EMPTY_BODY = YES;
				CLANG_WARN_ENUM_CONVERSION = YES;
				CLANG_WARN_INT_CONVERSION = YES;
				CLANG_WARN_OBJC_ROOT_CLASS = YES_ERROR;
				CLANG_WARN__DUPLICATE_METHOD_MATCH = YES;
				CODE_SIGN_IDENTITY = "iPhone Distribution: Rongjia Huang (6GASTWWZR6)";
				"CODE_SIGN_IDENTITY[sdk=iphoneos*]" = "iPhone Distribution: Rongjia Huang (6GASTWWZR6)";
				COPY_PHASE_STRIP = YES;
				ENABLE_NS_ASSERTIONS = NO;
				GCC_C_LANGUAGE_STANDARD = gnu99;
				GCC_WARN_64_TO_32_BIT_CONVERSION = YES;
				GCC_WARN_ABOUT_RETURN_TYPE = YES_ERROR;
				GCC_WARN_UNDECLARED_SELECTOR = YES;
				GCC_WARN_UNINITIALIZED_AUTOS = YES_AGGRESSIVE;
				GCC_WARN_UNUSED_FUNCTION = YES;
				GCC_WARN_UNUSED_VARIABLE = YES;
				IPHONEOS_DEPLOYMENT_TARGET = 7.1;
				PROVISIONING_PROFILE = "290feaf2-553e-43c2-8f30-953ba215aa62";
				SDKROOT = iphoneos;
				VALIDATE_PRODUCT = YES;
			};
			name = Release;
		};
		B018474C19F898BF00938054 /* Debug */ = {
			isa = XCBuildConfiguration;
			baseConfigurationReference = CC85AD3F1CAF437A65DAA63C /* Pods.debug.xcconfig */;
			buildSettings = {
				ASSETCATALOG_COMPILER_APPICON_NAME = AppIcon;
				ASSETCATALOG_COMPILER_LAUNCHIMAGE_NAME = LaunchImage;
				CODE_SIGN_IDENTITY = "iPhone Distribution: Rongjia Huang (6GASTWWZR6)";
				GCC_PRECOMPILE_PREFIX_HEADER = YES;
				GCC_PREFIX_HEADER = "BuildingMaterials/BuildingMaterials-Prefix.pch";
				INFOPLIST_FILE = "BuildingMaterials/BuildingMaterials-Info.plist";
				PRODUCT_NAME = "$(TARGET_NAME)";
				PROVISIONING_PROFILE = "290feaf2-553e-43c2-8f30-953ba215aa62";
				WRAPPER_EXTENSION = app;
			};
			name = Debug;
		};
		B018474D19F898BF00938054 /* Release */ = {
			isa = XCBuildConfiguration;
			baseConfigurationReference = 5D2F31DEF389312FF5F3525A /* Pods.release.xcconfig */;
			buildSettings = {
				ASSETCATALOG_COMPILER_APPICON_NAME = AppIcon;
				ASSETCATALOG_COMPILER_LAUNCHIMAGE_NAME = LaunchImage;
				CODE_SIGN_IDENTITY = "iPhone Distribution: Rongjia Huang (6GASTWWZR6)";
				"CODE_SIGN_IDENTITY[sdk=iphoneos*]" = "iPhone Distribution: Rongjia Huang (6GASTWWZR6)";
				GCC_PRECOMPILE_PREFIX_HEADER = YES;
				GCC_PREFIX_HEADER = "BuildingMaterials/BuildingMaterials-Prefix.pch";
				INFOPLIST_FILE = "BuildingMaterials/BuildingMaterials-Info.plist";
				PRODUCT_NAME = "$(TARGET_NAME)";
				PROVISIONING_PROFILE = "290feaf2-553e-43c2-8f30-953ba215aa62";
				WRAPPER_EXTENSION = app;
			};
			name = Release;
		};
		B018474F19F898BF00938054 /* Debug */ = {
			isa = XCBuildConfiguration;
			buildSettings = {
				BUNDLE_LOADER = "$(BUILT_PRODUCTS_DIR)/BuildingMaterials.app/BuildingMaterials";
				FRAMEWORK_SEARCH_PATHS = (
					"$(SDKROOT)/Developer/Library/Frameworks",
					"$(inherited)",
					"$(DEVELOPER_FRAMEWORKS_DIR)",
				);
				GCC_PRECOMPILE_PREFIX_HEADER = YES;
				GCC_PREFIX_HEADER = "BuildingMaterials/BuildingMaterials-Prefix.pch";
				GCC_PREPROCESSOR_DEFINITIONS = (
					"DEBUG=1",
					"$(inherited)",
				);
				INFOPLIST_FILE = "BuildingMaterialsTests/BuildingMaterialsTests-Info.plist";
				PRODUCT_NAME = "$(TARGET_NAME)";
				TEST_HOST = "$(BUNDLE_LOADER)";
				WRAPPER_EXTENSION = xctest;
			};
			name = Debug;
		};
		B018475019F898BF00938054 /* Release */ = {
			isa = XCBuildConfiguration;
			buildSettings = {
				BUNDLE_LOADER = "$(BUILT_PRODUCTS_DIR)/BuildingMaterials.app/BuildingMaterials";
				FRAMEWORK_SEARCH_PATHS = (
					"$(SDKROOT)/Developer/Library/Frameworks",
					"$(inherited)",
					"$(DEVELOPER_FRAMEWORKS_DIR)",
				);
				GCC_PRECOMPILE_PREFIX_HEADER = YES;
				GCC_PREFIX_HEADER = "BuildingMaterials/BuildingMaterials-Prefix.pch";
				INFOPLIST_FILE = "BuildingMaterialsTests/BuildingMaterialsTests-Info.plist";
				PRODUCT_NAME = "$(TARGET_NAME)";
				TEST_HOST = "$(BUNDLE_LOADER)";
				WRAPPER_EXTENSION = xctest;
			};
			name = Release;
		};
/* End XCBuildConfiguration section */

/* Begin XCConfigurationList section */
		B018471A19F898BF00938054 /* Build configuration list for PBXProject "BuildingMaterials" */ = {
			isa = XCConfigurationList;
			buildConfigurations = (
				B018474919F898BF00938054 /* Debug */,
				B018474A19F898BF00938054 /* Release */,
			);
			defaultConfigurationIsVisible = 0;
			defaultConfigurationName = Release;
		};
		B018474B19F898BF00938054 /* Build configuration list for PBXNativeTarget "BuildingMaterials" */ = {
			isa = XCConfigurationList;
			buildConfigurations = (
				B018474C19F898BF00938054 /* Debug */,
				B018474D19F898BF00938054 /* Release */,
			);
			defaultConfigurationIsVisible = 0;
			defaultConfigurationName = Release;
		};
		B018474E19F898BF00938054 /* Build configuration list for PBXNativeTarget "BuildingMaterialsTests" */ = {
			isa = XCConfigurationList;
			buildConfigurations = (
				B018474F19F898BF00938054 /* Debug */,
				B018475019F898BF00938054 /* Release */,
			);
			defaultConfigurationIsVisible = 0;
			defaultConfigurationName = Release;
		};
/* End XCConfigurationList section */
	};
	rootObject = B018471719F898BF00938054 /* Project object */;
}
